# This file is @generated by PDM.
# It is not intended for manual editing.

[[package]]
name = "packaging"
version = "23.2"
requires_python = ">=3.7"
summary = "Core utilities for Python packages"

[[package]]
name = "plotly"
version = "5.18.0"
requires_python = ">=3.6"
summary = "An open-source, interactive data visualization library for Python"
dependencies = [
    "packaging",
    "tenacity>=6.2.0",
]

[[package]]
name = "tenacity"
version = "8.2.3"
requires_python = ">=3.7"
summary = "Retry code until it succeeds"

[metadata]
lock_version = "4.2"
groups = ["default"]
content_hash = "sha256:6e6665ddef71ddcc7331c37645c4fe444b85dee48e22bdc436981961f01d8970"

[metadata.files]
"packaging 23.2" = [
    {url = "https://files.pythonhosted.org/packages/ec/1a/610693ac4ee14fcdf2d9bf3c493370e4f2ef7ae2e19217d7a237ff42367d/packaging-23.2-py3-none-any.whl", hash = "sha256:8c491190033a9af7e1d931d0b5dacc2ef47509b34dd0de67ed209b5203fc88c7"},
    {url = "https://files.pythonhosted.org/packages/fb/2b/9b9c33ffed44ee921d0967086d653047286054117d584f1b1a7c22ceaf7b/packaging-23.2.tar.gz", hash = "sha256:048fb0e9405036518eaaf48a55953c750c11e1a1b68e0dd1a9d62ed0c092cfc5"},
]
"plotly 5.18.0" = [
    {url = "https://files.pythonhosted.org/packages/0d/17/ba496e60f95020227a15f73965a64ea3f176cae7faed2d9302a14524b681/plotly-5.18.0.tar.gz", hash = "sha256:360a31e6fbb49d12b007036eb6929521343d6bee2236f8459915821baefa2cbb"},
    {url = "https://files.pythonhosted.org/packages/a8/07/72953cf70e3bd3a24cbc3e743e6f8539abe6e3e6d83c3c0c83426eaffd39/plotly-5.18.0-py3-none-any.whl", hash = "sha256:23aa8ea2f4fb364a20d34ad38235524bd9d691bf5299e800bca608c31e8db8de"},
]
"tenacity 8.2.3" = [
    {url = "https://files.pythonhosted.org/packages/89/3c/253e1627262373784bf9355db9d6f20d2d8831d79f91e9cca48050cddcc2/tenacity-8.2.3.tar.gz", hash = "sha256:5398ef0d78e63f40007c1fb4c0bff96e1911394d2fa8d194f77619c05ff6cc8a"},
    {url = "https://files.pythonhosted.org/packages/f4/f1/990741d5bb2487d529d20a433210ffa136a367751e454214013b441c4575/tenacity-8.2.3-py3-none-any.whl", hash = "sha256:ce510e327a630c9e1beaf17d42e6ffacc88185044ad85cf74c0a8887c6a0f88c"},
]
